
Microsoft Visual Studio Solution File, Format Version 12.00
# Visual Studio Version 17
VisualStudioVersion = 17.5.33530.505
MinimumVisualStudioVersion = 10.0.40219.1
Project("{9A19103F-16F7-4668-BE54-9A1E7A4F7556}") = "ERCBelousova", "ERCBelousova\ERCBelousova.csproj", "{92E20BB1-3524-487D-A821-23411D47C2FE}"
EndProject
Global
	GlobalSection(SolutionConfigurationPlatforms) = preSolution
		Debug|Any CPU = Debug|Any CPU
		Release|Any CPU = Release|Any CPU
	EndGlobalSection
	GlobalSection(ProjectConfigurationPlatforms) = postSolution
		{92E20BB1-3524-487D-A821-23411D47C2FE}.Debug|Any CPU.ActiveCfg = Debug|Any CPU
		{92E20BB1-3524-487D-A821-23411D47C2FE}.Debug|Any CPU.Build.0 = Debug|Any CPU
		{92E20BB1-3524-487D-A821-23411D47C2FE}.Release|Any CPU.ActiveCfg = Release|Any CPU
		{92E20BB1-3524-487D-A821-23411D47C2FE}.Release|Any CPU.Build.0 = Release|Any CPU
	EndGlobalSection
	GlobalSection(SolutionProperties) = preSolution
		HideSolutionNode = FALSE
	EndGlobalSection
	GlobalSection(ExtensibilityGlobals) = postSolution
		SolutionGuid = {0A8236E6-D237-4288-B23E-E1F5E8B4425C}
	EndGlobalSection
EndGlobal
